
Microsoft Visual Studio Solution File, Format Version 12.00
# Visual Studio Version 17
VisualStudioVersion = 17.8.34330.188
MinimumVisualStudioVersion = 10.0.40219.1
Project("{FAE04EC0-301F-11D3-BF4B-00C04F79EFBC}") = "AppControlLaboratorios", "AppControlLaboratorios\AppControlLaboratorios.csproj", "{9B8E4260-7FE0-4F74-9ACF-5AFC6BA6A255}"
EndProject
Global
	GlobalSection(SolutionConfigurationPlatforms) = preSolution
		Debug|Any CPU = Debug|Any CPU
		Release|Any CPU = Release|Any CPU
	EndGlobalSection
	GlobalSection(ProjectConfigurationPlatforms) = postSolution
		{9B8E4260-7FE0-4F74-9ACF-5AFC6BA6A255}.Debug|Any CPU.ActiveCfg = Debug|Any CPU
		{9B8E4260-7FE0-4F74-9ACF-5AFC6BA6A255}.Debug|Any CPU.Build.0 = Debug|Any CPU
		{9B8E4260-7FE0-4F74-9ACF-5AFC6BA6A255}.Release|Any CPU.ActiveCfg = Release|Any CPU
		{9B8E4260-7FE0-4F74-9ACF-5AFC6BA6A255}.Release|Any CPU.Build.0 = Release|Any CPU
	EndGlobalSection
	GlobalSection(SolutionProperties) = preSolution
		HideSolutionNode = FALSE
	EndGlobalSection
	GlobalSection(ExtensibilityGlobals) = postSolution
		SolutionGuid = {998F7A41-A30E-4C5F-920F-6E047CE1E724}
	EndGlobalSection
EndGlobal
